schema: '2.0'
stages:
  train:
    cmd: python -m src.models.train
    deps:
    - path: datasets/processed_data/char_index.joblib
      hash: md5
      md5: 941dc7e5461b0a429941866a00102b8c
      size: 444
    - path: datasets/processed_data/ds_train.joblib
      hash: md5
      md5: b258bbbc3d8e91218ecb16597a2e5daa
      size: 844986538
    - path: datasets/processed_data/ds_val.joblib
      hash: md5
      md5: f9f5b3b838653f324707343cf0bac606
      size: 416184978
    - path: params.yaml
      hash: md5
      md5: 76d1f39095e727caddf6f006f29ed534
      size: 313
    - path: src/models/model.py
      hash: md5
      md5: 57d53fd253dd13e04fcd2ab601a02aaa
      size: 1502
    - path: src/models/train.py
      hash: md5
      md5: fe4de01e319b9ad7d3c97c199943db0b
      size: 1335
    params:
      params.yaml:
        batch_train: 5000
        categories:
        - phishing
        - legitimate
        dataset_dir: datasets/
        epoch: 1
        loss_function: binary_crossentropy
        optimizer: adam
    outs:
    - path: models/phishing_model.h5
      hash: md5
      md5: d16b92ebd72ec46031a76656bd41aea7
      size: 5486600
  predict:
    cmd: python -m src.models.predict
    deps:
    - path: datasets/processed_data/ds_test.joblib
      hash: md5
      md5: 982f76e20c9ed96a51f15f90eb71a2eb
      size: 294273130
    - path: models/phishing_model.h5
      hash: md5
      md5: d16b92ebd72ec46031a76656bd41aea7
      size: 5486600
    - path: src/models/predict.py
      hash: md5
      md5: 84947669fb0f5dc03123ec9c13edeadc
      size: 790
    outs:
    - path: models/predictions.joblib
      hash: md5
      md5: adf6bb0868089993d36a0629ca70b97a
      size: 5827530
  evaluate:
    cmd: python -m src.models.evaluate
    deps:
    - path: models/predictions.joblib
      hash: md5
      md5: adf6bb0868089993d36a0629ca70b97a
      size: 5827530
    - path: src/models/evaluate.py
      hash: md5
      md5: 75e7aa30e9f182bd8b7e758c231e8547
      size: 1532
    outs:
    - path: reports/metrics/statistics.json
      hash: md5
      md5: 244832036ae786d6ebc8a3f5aca17890
      size: 56
  get_data:
    cmd: python -m src.data.get_data
    deps:
    - path: src/data/get_data.py
      hash: md5
      md5: 4087aecfcfd3d5f887af8e79be031c3b
      size: 654
    outs:
    - path: datasets/raw_data/DL Dataset/test.txt
      hash: md5
      md5: a1cab28ad8554fd9269d31e5708469d0
      size: 32724891
    - path: datasets/raw_data/DL Dataset/train.txt
      hash: md5
      md5: 13fd241a41370119612d5b00b0433009
      size: 93921671
    - path: datasets/raw_data/DL Dataset/val.txt
      hash: md5
      md5: 7b1e28b1e91582c6f36e85517c3cc6ee
      size: 46258330
  data_prep:
    cmd: python -m src.data.data_prep
    deps:
    - path: datasets/raw_data/DL Dataset/test.txt
      hash: md5
      md5: a1cab28ad8554fd9269d31e5708469d0
      size: 32724891
    - path: datasets/raw_data/DL Dataset/train.txt
      hash: md5
      md5: 13fd241a41370119612d5b00b0433009
      size: 93921671
    - path: datasets/raw_data/DL Dataset/val.txt
      hash: md5
      md5: 7b1e28b1e91582c6f36e85517c3cc6ee
      size: 46258330
    - path: src/data/data_prep.py
      hash: md5
      md5: 820e3c2aec165a944abe52795d544520
      size: 2431
    params:
      params.yaml:
        dataset_dir: datasets/
    outs:
    - path: datasets/processed_data/char_index.joblib
      hash: md5
      md5: 941dc7e5461b0a429941866a00102b8c
      size: 444
    - path: datasets/processed_data/ds_test.joblib
      hash: md5
      md5: 982f76e20c9ed96a51f15f90eb71a2eb
      size: 294273130
    - path: datasets/processed_data/ds_train.joblib
      hash: md5
      md5: b258bbbc3d8e91218ecb16597a2e5daa
      size: 844986538
    - path: datasets/processed_data/ds_val.joblib
      hash: md5
      md5: f9f5b3b838653f324707343cf0bac606
      size: 416184978
  release:
    cmd: python -m src.release
    deps:
    - path: datasets/processed_data/char_index.joblib
      hash: md5
      md5: 941dc7e5461b0a429941866a00102b8c
      size: 444
    - path: models/phishing_model.h5
      hash: md5
      md5: d16b92ebd72ec46031a76656bd41aea7
      size: 5486600
    params:
      params.yaml:
        version: 0.2.1
